<?xml version='1.0' encoding='UTF-8'?>
<CodeBlocks_project_file>
  <FileVersion major="1" minor="6"/>
  <Project>
    <Option title="ofxTableGesturesExample"/>
    <Option makefile_is_custom="1"/>
    <Option pch_mode="2"/>
    <Option compiler="gcc"/>
    <Option virtualFolders="addons/;src/;"/>
    <Build>
      <Target title="Debug">
        <Option output="bin/$(PROJECT_NAME)_debug" prefix_auto="1" extension_auto="1"/>
        <Option working_dir="bin"/>
        <Option object_output="obj/Debug/"/>
        <Option external_deps="../../../libs/openFrameworksCompiled/lib/linux/libopenFrameworksDebug.a;"/>
        <Option type="1"/>
        <Option compiler="gcc"/>
        <Option projectLinkerOptionsRelation="2"/>
      </Target>
      <Target title="Release">
        <Option output="bin/$(PROJECT_NAME)" prefix_auto="1" extension_auto="1"/>
        <Option working_dir="bin"/>
        <Option object_output="obj/Release/"/>
        <Option external_deps="../../../libs/openFrameworksCompiled/lib/linux/libopenFrameworks.a;"/>
        <Option type="1"/>
        <Option compiler="gcc"/>
        <Option projectLinkerOptionsRelation="2"/>
      </Target>
    </Build>
    <Unit filename="src/main.cpp">
      <Option virtualFolder="src/"/>
    </Unit>
    <Unit filename="src/testApp.cpp">
      <Option virtualFolder="src/"/>
    </Unit>
    <Unit filename="src/testApp.h">
      <Option virtualFolder="src/"/>
    </Unit>
    <Unit filename="config.make">
      <Option virtualFolder="build config"/>
    </Unit>
    <Extensions>
      <code_completion/>
      <envvars/>
      <debugger/>
    </Extensions>
    <Unit filename="../../../addons/ofxTableGestures/src/Simulator/Shapes.hpp">
      <Option virtualFolder="addons/ofxTableGestures/src/Simulator"/>
    </Unit>
    <Unit filename="../../../addons/ofxTableGestures/src/Simulator/container.hpp">
      <Option virtualFolder="addons/ofxTableGestures/src/Simulator"/>
    </Unit>
    <Unit filename="../../../addons/ofxTableGestures/src/Simulator/Shapes.cpp">
      <Option virtualFolder="addons/ofxTableGestures/src/Simulator"/>
    </Unit>
    <Unit filename="../../../addons/ofxTableGestures/src/Simulator/container.cpp">
      <Option virtualFolder="addons/ofxTableGestures/src/Simulator"/>
    </Unit>
    <Unit filename="../../../addons/ofxTableGestures/src/Simulator/Simulator.cpp">
      <Option virtualFolder="addons/ofxTableGestures/src/Simulator"/>
    </Unit>
    <Unit filename="../../../addons/ofxTableGestures/src/Simulator/Simulator.hpp">
      <Option virtualFolder="addons/ofxTableGestures/src/Simulator"/>
    </Unit>
    <Unit filename="../../../addons/ofxTableGestures/src/Feedback/CursorFeedback.cpp">
      <Option virtualFolder="addons/ofxTableGestures/src/Feedback"/>
    </Unit>
    <Unit filename="../../../addons/ofxTableGestures/src/Feedback/FigureFeedback.hpp">
      <Option virtualFolder="addons/ofxTableGestures/src/Feedback"/>
    </Unit>
    <Unit filename="../../../addons/ofxTableGestures/src/Feedback/HandFeedback.hpp">
      <Option virtualFolder="addons/ofxTableGestures/src/Feedback"/>
    </Unit>
    <Unit filename="../../../addons/ofxTableGestures/src/Feedback/TapFeedback.hpp">
      <Option virtualFolder="addons/ofxTableGestures/src/Feedback"/>
    </Unit>
    <Unit filename="../../../addons/ofxTableGestures/src/Feedback/LongPushFeedback.hpp">
      <Option virtualFolder="addons/ofxTableGestures/src/Feedback"/>
    </Unit>
    <Unit filename="../../../addons/ofxTableGestures/src/Feedback/FigureFeedback.cpp">
      <Option virtualFolder="addons/ofxTableGestures/src/Feedback"/>
    </Unit>
    <Unit filename="../../../addons/ofxTableGestures/src/Feedback/CursorFeedback.hpp">
      <Option virtualFolder="addons/ofxTableGestures/src/Feedback"/>
    </Unit>
    <Unit filename="../../../addons/ofxTableGestures/src/Utils/Singleton.hpp">
      <Option virtualFolder="addons/ofxTableGestures/src/Utils"/>
    </Unit>
    <Unit filename="../../../addons/ofxTableGestures/src/Utils/OscTools.hpp">
      <Option virtualFolder="addons/ofxTableGestures/src/Utils"/>
    </Unit>
    <Unit filename="../../../addons/ofxTableGestures/src/Utils/Alarm.hpp">
      <Option virtualFolder="addons/ofxTableGestures/src/Utils"/>
    </Unit>
    <Unit filename="../../../addons/ofxTableGestures/src/Gestures/DirectPoint.hpp">
      <Option virtualFolder="addons/ofxTableGestures/src/Gestures"/>
    </Unit>
    <Unit filename="../../../addons/ofxTableGestures/src/Gestures/Events.hpp">
      <Option virtualFolder="addons/ofxTableGestures/src/Gestures"/>
    </Unit>
    <Unit filename="../../../addons/ofxTableGestures/src/Gestures/Gestures/InputGestureTuio1.1.hpp">
      <Option virtualFolder="addons/ofxTableGestures/src/Gestures/Gestures"/>
    </Unit>
    <Unit filename="../../../addons/ofxTableGestures/src/Gestures/Gestures/InputGestureBasicFingers.hpp">
      <Option virtualFolder="addons/ofxTableGestures/src/Gestures/Gestures"/>
    </Unit>
    <Unit filename="../../../addons/ofxTableGestures/src/Gestures/Gestures/InputGestureBasicObjects.hpp">
      <Option virtualFolder="addons/ofxTableGestures/src/Gestures/Gestures"/>
    </Unit>
    <Unit filename="../../../addons/ofxTableGestures/src/Gestures/Gestures/InputGestureBasicFingers.cpp">
      <Option virtualFolder="addons/ofxTableGestures/src/Gestures/Gestures"/>
    </Unit>
    <Unit filename="../../../addons/ofxTableGestures/src/Gestures/Gestures/InputGestureDirectFingers.hpp">
      <Option virtualFolder="addons/ofxTableGestures/src/Gestures/Gestures"/>
    </Unit>
    <Unit filename="../../../addons/ofxTableGestures/src/Gestures/Gestures/InputGestureDirectObjects.hpp">
      <Option virtualFolder="addons/ofxTableGestures/src/Gestures/Gestures"/>
    </Unit>
    <Unit filename="../../../addons/ofxTableGestures/src/Gestures/Gestures/InputGestureDirectFingers.cpp">
      <Option virtualFolder="addons/ofxTableGestures/src/Gestures/Gestures"/>
    </Unit>
    <Unit filename="../../../addons/ofxTableGestures/src/Gestures/Gestures/InputGestureDirectObjects.cpp">
      <Option virtualFolder="addons/ofxTableGestures/src/Gestures/Gestures"/>
    </Unit>
    <Unit filename="../../../addons/ofxTableGestures/src/Gestures/Gestures/InputGestureBasicObjects.cpp">
      <Option virtualFolder="addons/ofxTableGestures/src/Gestures/Gestures"/>
    </Unit>
    <Unit filename="../../../addons/ofxTableGestures/src/Gestures/Gestures-Extras/InputGestureLongPush.hpp">
      <Option virtualFolder="addons/ofxTableGestures/src/Gestures/Gestures-Extras"/>
    </Unit>
    <Unit filename="../../../addons/ofxTableGestures/src/Gestures/Gestures-Extras/InputGestureTap.hpp">
      <Option virtualFolder="addons/ofxTableGestures/src/Gestures/Gestures-Extras"/>
    </Unit>
    <Unit filename="../../../addons/ofxTableGestures/src/Gestures/Gestures-Extras/InputGestureHand.cpp">
      <Option virtualFolder="addons/ofxTableGestures/src/Gestures/Gestures-Extras"/>
    </Unit>
    <Unit filename="../../../addons/ofxTableGestures/src/Gestures/Gestures-Extras/InputGestureHand.hpp">
      <Option virtualFolder="addons/ofxTableGestures/src/Gestures/Gestures-Extras"/>
    </Unit>
    <Unit filename="../../../addons/ofxTableGestures/src/Gestures/tuio1.1/InputGestureTuio1.13D.cpp">
      <Option virtualFolder="addons/ofxTableGestures/src/Gestures/tuio1.1"/>
    </Unit>
    <Unit filename="../../../addons/ofxTableGestures/src/Gestures/tuio1.1/InputGestureTuio1.12.5D.hpp">
      <Option virtualFolder="addons/ofxTableGestures/src/Gestures/tuio1.1"/>
    </Unit>
    <Unit filename="../../../addons/ofxTableGestures/src/Gestures/tuio1.1/InputGestureTuio1.13D.hpp">
      <Option virtualFolder="addons/ofxTableGestures/src/Gestures/tuio1.1"/>
    </Unit>
    <Unit filename="../../../addons/ofxTableGestures/src/Gestures/tuio1.1/InputGestureOsc.hpp">
      <Option virtualFolder="addons/ofxTableGestures/src/Gestures/tuio1.1"/>
    </Unit>
    <Unit filename="../../../addons/ofxTableGestures/src/Gestures/tuio1.1/InputGestureTuio1.12D.hpp">
      <Option virtualFolder="addons/ofxTableGestures/src/Gestures/tuio1.1"/>
    </Unit>
    <Unit filename="../../../addons/ofxTableGestures/src/Gestures/tuio1.1/InputGestureTuio1.12.5D.cpp">
      <Option virtualFolder="addons/ofxTableGestures/src/Gestures/tuio1.1"/>
    </Unit>
    <Unit filename="../../../addons/ofxTableGestures/src/Gestures/tuio1.1/InputGestureTuio1.12D.cpp">
      <Option virtualFolder="addons/ofxTableGestures/src/Gestures/tuio1.1"/>
    </Unit>
    <Unit filename="../../../addons/ofxTableGestures/src/Core/EventClient.hpp">
      <Option virtualFolder="addons/ofxTableGestures/src/Core"/>
    </Unit>
    <Unit filename="../../../addons/ofxTableGestures/src/Core/GraphicDispatcher.hpp">
      <Option virtualFolder="addons/ofxTableGestures/src/Core"/>
    </Unit>
    <Unit filename="../../../addons/ofxTableGestures/src/Core/Graphic.hpp">
      <Option virtualFolder="addons/ofxTableGestures/src/Core"/>
    </Unit>
    <Unit filename="../../../addons/ofxTableGestures/src/Core/TableApp.cpp">
      <Option virtualFolder="addons/ofxTableGestures/src/Core"/>
    </Unit>
    <Unit filename="../../../addons/ofxTableGestures/src/Core/FigureGraphic.hpp">
      <Option virtualFolder="addons/ofxTableGestures/src/Core"/>
    </Unit>
    <Unit filename="../../../addons/ofxTableGestures/src/Core/TableApp.hpp">
      <Option virtualFolder="addons/ofxTableGestures/src/Core"/>
    </Unit>
    <Unit filename="../../../addons/ofxTableGestures/src/Core/GraphicDispatcher.cpp">
      <Option virtualFolder="addons/ofxTableGestures/src/Core"/>
    </Unit>
    <Unit filename="../../../addons/ofxTableGestures/src/Core/Graphic.cpp">
      <Option virtualFolder="addons/ofxTableGestures/src/Core"/>
    </Unit>
    <Unit filename="../../../addons/ofxTableGestures/src/Render/Renderer_to_texture.hpp">
      <Option virtualFolder="addons/ofxTableGestures/src/Render"/>
    </Unit>
    <Unit filename="../../../addons/ofxTableGestures/src/Render/Renderer.cpp">
      <Option virtualFolder="addons/ofxTableGestures/src/Render"/>
    </Unit>
    <Unit filename="../../../addons/ofxTableGestures/src/Render/Renderer_plane.hpp">
      <Option virtualFolder="addons/ofxTableGestures/src/Render"/>
    </Unit>
    <Unit filename="../../../addons/ofxTableGestures/src/Render/Renderer_plane.cpp">
      <Option virtualFolder="addons/ofxTableGestures/src/Render"/>
    </Unit>
    <Unit filename="../../../addons/ofxTableGestures/src/Render/Grid.hpp">
      <Option virtualFolder="addons/ofxTableGestures/src/Render"/>
    </Unit>
    <Unit filename="../../../addons/ofxTableGestures/src/Render/Renderer.hpp">
      <Option virtualFolder="addons/ofxTableGestures/src/Render"/>
    </Unit>
    <Unit filename="../../../addons/ofxTableGestures/src/Render/Renderer_to_texture.cpp">
      <Option virtualFolder="addons/ofxTableGestures/src/Render"/>
    </Unit>
    <Unit filename="../../../addons/ofxTableGestures/src/Render/Grid.cpp">
      <Option virtualFolder="addons/ofxTableGestures/src/Render"/>
    </Unit>
    <Unit filename="../../../addons/ofxOsc/src/ofxOscReceiver.cpp">
      <Option virtualFolder="addons/ofxOsc/src"/>
    </Unit>
    <Unit filename="../../../addons/ofxOsc/src/ofxOscMessage.cpp">
      <Option virtualFolder="addons/ofxOsc/src"/>
    </Unit>
    <Unit filename="../../../addons/ofxOsc/src/ofxOsc.h">
      <Option virtualFolder="addons/ofxOsc/src"/>
    </Unit>
    <Unit filename="../../../addons/ofxOsc/src/ofxOscArg.h">
      <Option virtualFolder="addons/ofxOsc/src"/>
    </Unit>
    <Unit filename="../../../addons/ofxOsc/src/ofxOscMessage.h">
      <Option virtualFolder="addons/ofxOsc/src"/>
    </Unit>
    <Unit filename="../../../addons/ofxOsc/src/ofxOscBundle.h">
      <Option virtualFolder="addons/ofxOsc/src"/>
    </Unit>
    <Unit filename="../../../addons/ofxOsc/src/ofxOscSender.cpp">
      <Option virtualFolder="addons/ofxOsc/src"/>
    </Unit>
    <Unit filename="../../../addons/ofxOsc/src/ofxOscBundle.cpp">
      <Option virtualFolder="addons/ofxOsc/src"/>
    </Unit>
    <Unit filename="../../../addons/ofxOsc/src/ofxOscReceiver.h">
      <Option virtualFolder="addons/ofxOsc/src"/>
    </Unit>
    <Unit filename="../../../addons/ofxOsc/src/ofxOscSender.h">
      <Option virtualFolder="addons/ofxOsc/src"/>
    </Unit>
    <Unit filename="../../../addons/ofxGlobalConfig/src/GlobalConfigDetail.hpp">
      <Option virtualFolder="addons/ofxGlobalConfig/src"/>
    </Unit>
    <Unit filename="../../../addons/ofxGlobalConfig/src/ofxGlobalConfig.hpp">
      <Option virtualFolder="addons/ofxGlobalConfig/src"/>
    </Unit>
    <Unit filename="../../../addons/ofx2DFigures/src/BoundingBox.h">
      <Option virtualFolder="addons/ofx2DFigures/src"/>
    </Unit>
    <Unit filename="../../../addons/ofx2DFigures/src/TestTriangulation.h">
      <Option virtualFolder="addons/ofx2DFigures/src"/>
    </Unit>
    <Unit filename="../../../addons/ofx2DFigures/src/CollisionHelper.h">
      <Option virtualFolder="addons/ofx2DFigures/src"/>
    </Unit>
    <Unit filename="../../../addons/ofx2DFigures/src/Figure.h">
      <Option virtualFolder="addons/ofx2DFigures/src"/>
    </Unit>
    <Unit filename="../../../addons/ofx2DFigures/src/Polygon.cpp">
      <Option virtualFolder="addons/ofx2DFigures/src"/>
    </Unit>
    <Unit filename="../../../addons/ofx2DFigures/src/BoundingBox.cpp">
      <Option virtualFolder="addons/ofx2DFigures/src"/>
    </Unit>
    <Unit filename="../../../addons/ofx2DFigures/src/Matrix.h">
      <Option virtualFolder="addons/ofx2DFigures/src"/>
    </Unit>
    <Unit filename="../../../addons/ofx2DFigures/src/Figure.cpp">
      <Option virtualFolder="addons/ofx2DFigures/src"/>
    </Unit>
    <Unit filename="../../../addons/ofx2DFigures/src/Triangulate.h">
      <Option virtualFolder="addons/ofx2DFigures/src"/>
    </Unit>
    <Unit filename="../../../addons/ofx2DFigures/src/Polygon.h">
      <Option virtualFolder="addons/ofx2DFigures/src"/>
    </Unit>
    <Unit filename="../../../addons/ofx2DFigures/src/CollisionHelper.cpp">
      <Option virtualFolder="addons/ofx2DFigures/src"/>
    </Unit>
    <Unit filename="../../../addons/ofx2DFigures/src/Triangulate.cpp">
      <Option virtualFolder="addons/ofx2DFigures/src"/>
    </Unit>
    <Unit filename="../../../addons/ofxXmlSettings/src/ofxXmlSettings.cpp">
      <Option virtualFolder="addons/ofxXmlSettings/src"/>
    </Unit>
    <Unit filename="../../../addons/ofxXmlSettings/src/ofxXmlSettings.h">
      <Option virtualFolder="addons/ofxXmlSettings/src"/>
    </Unit>
  </Project>
</CodeBlocks_project_file>
