<?xml version="1.0" encoding="UTF-8" standalone="yes" ?>
<CodeBlocks_project_file>
	<FileVersion major="1" minor="6" />
	<Project>
		<Option title="ofxTableGesturesExample" />
		<Option pch_mode="2" />
		<Option compiler="gcc" />
		<Option virtualFolders="addons/;src/;addons/ofx2DFigures/src/;addons/ofxGlobalConfig/src/;addons/ofxOsc/src/;addons/ofxTableGestures/src/Core/;addons/ofxTableGestures/src/Feedback/;addons/ofxTableGestures/src/Gestures/;addons/ofxTableGestures/src/Gestures/Gestures-Extras/;addons/ofxTableGestures/src/Gestures/Gestures/;addons/ofxTableGestures/src/Gestures/tuio1.1/;addons/ofxTableGestures/src/Render/;addons/ofxTableGestures/src/Simulator/;addons/ofxTableGestures/src/Utils/;addons/ofXmlSettings/libs/;addons/ofXmlSettings/src/;" />
		<Build>
			<Target title="Debug">
				<Option output="bin/$(PROJECT_NAME)_debug" prefix_auto="1" extension_auto="1" />
				<Option working_dir="bin" />
				<Option object_output="obj/Debug/" />
				<Option external_deps="../../../libs/openFrameworksCompiled/lib/linux/libopenFrameworksDebug.a;" />
				<Option type="1" />
				<Option compiler="gcc" />
				<Option projectLinkerOptionsRelation="2" />
				<Compiler>
					<Add option="-g" />
					<Add option="-MMD" />
				</Compiler>
				<Linker>
					<Add option="-Wl,-rpath=./libs" />
					<Add library="openFrameworksDebug" />
				</Linker>
			</Target>
			<Target title="Release">
				<Option output="bin/$(PROJECT_NAME)" prefix_auto="1" extension_auto="1" />
				<Option working_dir="bin" />
				<Option object_output="obj/Release/" />
				<Option external_deps="../../../libs/openFrameworksCompiled/lib/linux/libopenFrameworks.a;" />
				<Option type="1" />
				<Option compiler="gcc" />
				<Option projectLinkerOptionsRelation="2" />
				<Compiler>
					<Add option="-march=native" />
					<Add option="-O3" />
					<Add option="-MMD" />
				</Compiler>
				<Linker>
					<Add option="-Wl,-rpath=./libs" />
					<Add option="-s" />
					<Add library="openFrameworks" />
				</Linker>
			</Target>
		</Build>
		<Compiler>
			<Add option="-Wall" />
			<Add option="-fexceptions" />
			<Add option="-DSIMULATOR" />
			<Add directory="../../../addons/" />
			<Add directory="../../../libs/openFrameworks/" />
			<Add directory="../../../libs/openFrameworks/events" />
			<Add directory="../../../libs/openFrameworks/app" />
			<Add directory="../../../libs/openFrameworks/communication" />
			<Add directory="../../../libs/openFrameworks/graphics" />
			<Add directory="../../../libs/openFrameworks/video" />
			<Add directory="../../../libs/openFrameworks/utils" />
			<Add directory="../../../libs/openFrameworks/sound" />
			<Add directory="../../../libs/rtAudio" />
			<Add directory="../../../libs/fmodex/include" />
			<Add directory="../../../libs/glee/include" />
			<Add directory="../../../libs/FreeImage/include" />
			<Add directory="../../../libs/freetype/include" />
			<Add directory="../../../libs/freetype/include/freetype2" />
			<Add directory="../../../libs/gstappsink/include" />
			<Add directory="../../../addons" />
			<Add directory="../../../libs/poco/include" />
			<Add directory="../../../addons/ofxTableGestures/src" />
			<Add directory="../../../addons/ofxTableGestures/src/Core" />
			<Add directory="../../../addons/ofxTableGestures/src/Feedback" />
			<Add directory="../../../addons/ofxTableGestures/src/Gestures" />
			<Add directory="../../../addons/ofxTableGestures/src/Gestures/Gestures" />
			<Add directory="../../../addons/ofxTableGestures/src/Gestures/Gestures-Extras" />
			<Add directory="../../../addons/ofxTableGestures/src/Gestures/tuio1.1" />
			<Add directory="../../../addons/ofxTableGestures/src/Render" />
			<Add directory="../../../addons/ofxTableGestures/src/Simulator" />
			<Add directory="../../../addons/ofxTableGestures/src/Utils" />
			<Add directory="../../../addons/ofx2DFigures/src" />
			<Add directory="../../../addons/ofxGlobalConfig/src" />
			<Add directory="../../../addons/ofxOsc/src" />
			<Add directory="../../../addons/ofxOsc/libs/oscpack/include/ip" />
			<Add directory="../../../addons/ofxOsc/libs/oscpack/include/osc" />
			<Add directory="../../../addons/ofxXmlSettings/src" />
			<Add directory="../../../addons/ofxXmlSettings/libs" />
		</Compiler>
		<Linker>
			<Add library="fmodex" />
			<Add library="glut" />
			<Add library="GL" />
			<Add library="GLU" />
			<Add library="Xxf86vm" />
			<Add library="asound" />
			<Add library="PocoFoundation" />
			<Add library="freetype" />
			<Add library="freeimage" />
			<Add library="RtAudio" />
			<Add library="GLee" />
			<Add library="oFappsink" />
			<Add library="../../../addons/ofxOsc/libs/oscpack/lib/linux/liboscpack.a" />
			<Add directory="../../../libs/openFrameworksCompiled/lib/linux" />
			<Add directory="../../../libs/freetype/lib/linux" />
			<Add directory="../../../libs/FreeImage/lib/linux" />
			<Add directory="../../../libs/rtAudio/lib/linux" />
			<Add directory="../../../libs/glee/lib/linux" />
			<Add directory="../../../libs/gstappsink/lib/linux" />
			<Add directory="../../../libs/fmodex/lib/linux" />
			<Add directory="../../../libs/poco/lib/linux" />
		</Linker>
		<ExtraCommands>
			<Add after="#" />
			<Add after="#      copy libs and shell script to bin directory:" />
			<Add after="#" />
			<Add after="cp -r ../../../export/linux/libs $(PROJECT_DIR)bin/" />
			<Mode after="always" />
		</ExtraCommands>
		<Unit filename="../../../addons/ofx2DFigures/src/BoundingBox.cpp">
			<Option virtualFolder="addons/ofx2DFigures/src" />
		</Unit>
		<Unit filename="../../../addons/ofx2DFigures/src/BoundingBox.h">
			<Option virtualFolder="addons/ofx2DFigures/src" />
		</Unit>
		<Unit filename="../../../addons/ofx2DFigures/src/CollisionHelper.cpp">
			<Option virtualFolder="addons/ofx2DFigures/src" />
		</Unit>
		<Unit filename="../../../addons/ofx2DFigures/src/CollisionHelper.h">
			<Option virtualFolder="addons/ofx2DFigures/src" />
		</Unit>
		<Unit filename="../../../addons/ofx2DFigures/src/Figure.cpp">
			<Option virtualFolder="addons/ofx2DFigures/src" />
		</Unit>
		<Unit filename="../../../addons/ofx2DFigures/src/Figure.h">
			<Option virtualFolder="addons/ofx2DFigures/src" />
		</Unit>
		<Unit filename="../../../addons/ofx2DFigures/src/Matrix.h">
			<Option virtualFolder="addons/ofx2DFigures/src" />
		</Unit>
		<Unit filename="../../../addons/ofx2DFigures/src/Polygon.cpp">
			<Option virtualFolder="addons/ofx2DFigures/src" />
		</Unit>
		<Unit filename="../../../addons/ofx2DFigures/src/Polygon.h">
			<Option virtualFolder="addons/ofx2DFigures/src" />
		</Unit>
		<Unit filename="../../../addons/ofx2DFigures/src/TestTriangulation.h">
			<Option virtualFolder="addons/ofx2DFigures/src" />
		</Unit>
		<Unit filename="../../../addons/ofx2DFigures/src/Triangulate.cpp">
			<Option virtualFolder="addons/ofx2DFigures/src" />
		</Unit>
		<Unit filename="../../../addons/ofx2DFigures/src/Triangulate.h">
			<Option virtualFolder="addons/ofx2DFigures/src" />
		</Unit>
		<Unit filename="../../ofxGlobalConfig/src/GlobalConfigDetail.hpp">
			<Option virtualFolder="addons/ofxGlobalConfig/src/" />
		</Unit>
		<Unit filename="../../ofxGlobalConfig/src/ofxGlobalConfig.hpp">
			<Option virtualFolder="addons/ofxGlobalConfig/src/" />
		</Unit>
		<Unit filename="../../../addons/ofxOsc/src/ofxOsc.h">
			<Option virtualFolder="addons/ofxOsc/src" />
		</Unit>
		<Unit filename="../../../addons/ofxOsc/src/ofxOscArg.h">
			<Option virtualFolder="addons/ofxOsc/src" />
		</Unit>
		<Unit filename="../../../addons/ofxOsc/src/ofxOscBundle.cpp">
			<Option virtualFolder="addons/ofxOsc/src" />
		</Unit>
		<Unit filename="../../../addons/ofxOsc/src/ofxOscBundle.h">
			<Option virtualFolder="addons/ofxOsc/src" />
		</Unit>
		<Unit filename="../../../addons/ofxOsc/src/ofxOscMessage.cpp">
			<Option virtualFolder="addons/ofxOsc/src" />
		</Unit>
		<Unit filename="../../../addons/ofxOsc/src/ofxOscMessage.h">
			<Option virtualFolder="addons/ofxOsc/src" />
		</Unit>
		<Unit filename="../../../addons/ofxOsc/src/ofxOscReceiver.cpp">
			<Option virtualFolder="addons/ofxOsc/src" />
		</Unit>
		<Unit filename="../../../addons/ofxOsc/src/ofxOscReceiver.h">
			<Option virtualFolder="addons/ofxOsc/src" />
		</Unit>
		<Unit filename="../../../addons/ofxOsc/src/ofxOscSender.cpp">
			<Option virtualFolder="addons/ofxOsc/src" />
		</Unit>
		<Unit filename="../../../addons/ofxOsc/src/ofxOscSender.h">
			<Option virtualFolder="addons/ofxOsc/src" />
		</Unit>
		<Unit filename="src/main.cpp">
			<Option virtualFolder="src/" />
		</Unit>
		<Unit filename="src/testApp.cpp">
			<Option virtualFolder="src/" />
		</Unit>
		<Unit filename="src/testApp.h">
			<Option virtualFolder="src/" />
		</Unit>
		<Unit filename="../../../addons/ofxTableGestures/src/Core/Area.hpp">
			<Option virtualFolder="addons/ofxTableGestures/src/Core" />
		</Unit>
		<Unit filename="../../../addons/ofxTableGestures/src/Core/EventClient.hpp">
			<Option virtualFolder="addons/ofxTableGestures/src/Core/" />
		</Unit>
		<Unit filename="../../../addons/ofxTableGestures/src/Core/Graphic.cpp">
			<Option virtualFolder="addons/ofxTableGestures/src/Core" />
		</Unit>
		<Unit filename="../../../addons/ofxTableGestures/src/Core/Graphic.hpp">
			<Option virtualFolder="addons/ofxTableGestures/src/Core" />
		</Unit>
		<Unit filename="../../../addons/ofxTableGestures/src/Core/GraphicDispatcher.cpp">
			<Option virtualFolder="addons/ofxTableGestures/src/Core" />
		</Unit>
		<Unit filename="../../../addons/ofxTableGestures/src/Core/GraphicDispatcher.hpp">
			<Option virtualFolder="addons/ofxTableGestures/src/Core" />
		</Unit>
		<Unit filename="../../../addons/ofxTableGestures/src/Core/TableApp.cpp">
			<Option virtualFolder="addons/ofxTableGestures/src/Core" />
		</Unit>
		<Unit filename="../../../addons/ofxTableGestures/src/Core/TableApp.hpp">
			<Option virtualFolder="addons/ofxTableGestures/src/Core" />
		</Unit>
		<Unit filename="../../../addons/ofxTableGestures/src/Feedback/CursorFeedback.cpp">
			<Option virtualFolder="addons/ofxTableGestures/src/Feedback" />
		</Unit>
		<Unit filename="../../../addons/ofxTableGestures/src/Feedback/CursorFeedback.hpp">
			<Option virtualFolder="addons/ofxTableGestures/src/Feedback" />
		</Unit>
		<Unit filename="../../../addons/ofxTableGestures/src/Feedback/FigureFeedback.cpp">
			<Option virtualFolder="addons/ofxTableGestures/src/Feedback" />
		</Unit>
		<Unit filename="../../../addons/ofxTableGestures/src/Feedback/FigureFeedback.hpp">
			<Option virtualFolder="addons/ofxTableGestures/src/Feedback" />
		</Unit>
		<Unit filename="../../../addons/ofxTableGestures/src/Feedback/HandFeedback.hpp">
			<Option virtualFolder="addons/ofxTableGestures/src/Feedback" />
		</Unit>
		<Unit filename="../../../addons/ofxTableGestures/src/Feedback/LongPushFeedback.hpp">
			<Option virtualFolder="addons/ofxTableGestures/src/Feedback" />
		</Unit>
		<Unit filename="../../../addons/ofxTableGestures/src/Feedback/TapFeedback.hpp">
			<Option virtualFolder="addons/ofxTableGestures/src/Feedback" />
		</Unit>
		<Unit filename="../../../addons/ofxTableGestures/src/Gestures/DirectPoint.hpp">
			<Option virtualFolder="addons/ofxTableGestures/src/Gestures" />
		</Unit>
		<Unit filename="../../../addons/ofxTableGestures/src/Gestures/Events.hpp">
			<Option virtualFolder="addons/ofxTableGestures/src/Gestures" />
		</Unit>
		<Unit filename="../../../addons/ofxTableGestures/src/Gestures/Gestures-Extras/InputGestureHand.cpp">
			<Option virtualFolder="addons/ofxTableGestures/src/Gestures/Gestures-Extras" />
		</Unit>
		<Unit filename="../../../addons/ofxTableGestures/src/Gestures/Gestures-Extras/InputGestureHand.hpp">
			<Option virtualFolder="addons/ofxTableGestures/src/Gestures/Gestures-Extras" />
		</Unit>
		<Unit filename="../../../addons/ofxTableGestures/src/Gestures/Gestures-Extras/InputGestureLongPush.hpp">
			<Option virtualFolder="addons/ofxTableGestures/src/Gestures/Gestures-Extras" />
		</Unit>
		<Unit filename="../../../addons/ofxTableGestures/src/Gestures/Gestures-Extras/InputGestureTap.hpp">
			<Option virtualFolder="addons/ofxTableGestures/src/Gestures/Gestures-Extras" />
		</Unit>
		<Unit filename="../src/Gestures/Gestures/InputGestureBasicFingers.cpp">
			<Option virtualFolder="addons/ofxTableGestures/src/Gestures/Gestures/" />
		</Unit>
		<Unit filename="../../../addons/ofxTableGestures/src/Gestures/Gestures/InputGestureBasicFingers.hpp">
			<Option virtualFolder="addons/ofxTableGestures/src/Gestures/Gestures" />
		</Unit>
		<Unit filename="../src/Gestures/Gestures/InputGestureBasicObjects.cpp">
			<Option virtualFolder="addons/ofxTableGestures/src/Gestures/Gestures/" />
		</Unit>
		<Unit filename="../../../addons/ofxTableGestures/src/Gestures/Gestures/InputGestureBasicObjects.hpp">
			<Option virtualFolder="addons/ofxTableGestures/src/Gestures/Gestures" />
		</Unit>
		<Unit filename="../../../addons/ofxTableGestures/src/Gestures/Gestures/InputGestureDirectFingers.hpp">
			<Option virtualFolder="addons/ofxTableGestures/src/Gestures/Gestures" />
		</Unit>
		<Unit filename="../../../addons/ofxTableGestures/src/Gestures/Gestures/InputGestureDirectObjects.cpp">
			<Option virtualFolder="addons/ofxTableGestures/src/Gestures/Gestures" />
		</Unit>
		<Unit filename="../../../addons/ofxTableGestures/src/Gestures/Gestures/InputGestureDirectObjects.hpp">
			<Option virtualFolder="addons/ofxTableGestures/src/Gestures/Gestures" />
		</Unit>
		<Unit filename="../../../addons/ofxTableGestures/src/Gestures/Gestures/InputGestureTuio1.1.hpp">
			<Option virtualFolder="addons/ofxTableGestures/src/Gestures/Gestures" />
		</Unit>
		<Unit filename="../../../addons/ofxTableGestures/src/Gestures/tuio1.1/InputGestureOsc.hpp">
			<Option virtualFolder="addons/ofxTableGestures/src/Gestures/tuio1.1" />
		</Unit>
		<Unit filename="../../../addons/ofxTableGestures/src/Gestures/tuio1.1/InputGestureTuio1.12.5D.cpp">
			<Option virtualFolder="addons/ofxTableGestures/src/Gestures/tuio1.1" />
		</Unit>
		<Unit filename="../../../addons/ofxTableGestures/src/Gestures/tuio1.1/InputGestureTuio1.12.5D.hpp">
			<Option virtualFolder="addons/ofxTableGestures/src/Gestures/tuio1.1" />
		</Unit>
		<Unit filename="../../../addons/ofxTableGestures/src/Gestures/tuio1.1/InputGestureTuio1.12D.cpp">
			<Option virtualFolder="addons/ofxTableGestures/src/Gestures/tuio1.1" />
		</Unit>
		<Unit filename="../../../addons/ofxTableGestures/src/Gestures/tuio1.1/InputGestureTuio1.12D.hpp">
			<Option virtualFolder="addons/ofxTableGestures/src/Gestures/tuio1.1" />
		</Unit>
		<Unit filename="../../../addons/ofxTableGestures/src/Gestures/tuio1.1/InputGestureTuio1.13D.cpp">
			<Option virtualFolder="addons/ofxTableGestures/src/Gestures/tuio1.1" />
		</Unit>
		<Unit filename="../../../addons/ofxTableGestures/src/Gestures/tuio1.1/InputGestureTuio1.13D.hpp">
			<Option virtualFolder="addons/ofxTableGestures/src/Gestures/tuio1.1" />
		</Unit>
		<Unit filename="../../../addons/ofxTableGestures/src/Render/Grid.cpp">
			<Option virtualFolder="addons/ofxTableGestures/src/Render" />
		</Unit>
		<Unit filename="../../../addons/ofxTableGestures/src/Render/Grid.hpp">
			<Option virtualFolder="addons/ofxTableGestures/src/Render" />
		</Unit>
		<Unit filename="../../../addons/ofxTableGestures/src/Render/Renderer.cpp">
			<Option virtualFolder="addons/ofxTableGestures/src/Render" />
		</Unit>
		<Unit filename="../../../addons/ofxTableGestures/src/Render/Renderer.hpp">
			<Option virtualFolder="addons/ofxTableGestures/src/Render" />
		</Unit>
		<Unit filename="../../../addons/ofxTableGestures/src/Render/Renderer_plane.cpp">
			<Option virtualFolder="addons/ofxTableGestures/src/Render" />
		</Unit>
		<Unit filename="../../../addons/ofxTableGestures/src/Render/Renderer_plane.hpp">
			<Option virtualFolder="addons/ofxTableGestures/src/Render" />
		</Unit>
		<Unit filename="../../../addons/ofxTableGestures/src/Render/Renderer_to_texture.cpp">
			<Option virtualFolder="addons/ofxTableGestures/src/Render" />
		</Unit>
		<Unit filename="../../../addons/ofxTableGestures/src/Render/Renderer_to_texture.hpp">
			<Option virtualFolder="addons/ofxTableGestures/src/Render" />
		</Unit>
		<Unit filename="../../../addons/ofxTableGestures/src/Simulator/Shapes.cpp">
			<Option virtualFolder="addons/ofxTableGestures/src/Simulator" />
		</Unit>
		<Unit filename="../../../addons/ofxTableGestures/src/Simulator/Shapes.hpp">
			<Option virtualFolder="addons/ofxTableGestures/src/Simulator" />
		</Unit>
		<Unit filename="../../../addons/ofxTableGestures/src/Simulator/Simulator.cpp">
			<Option virtualFolder="addons/ofxTableGestures/src/Simulator" />
		</Unit>
		<Unit filename="../../../addons/ofxTableGestures/src/Simulator/Simulator.hpp">
			<Option virtualFolder="addons/ofxTableGestures/src/Simulator" />
		</Unit>
		<Unit filename="../../../addons/ofxTableGestures/src/Simulator/container.cpp">
			<Option virtualFolder="addons/ofxTableGestures/src/Simulator" />
		</Unit>
		<Unit filename="../../../addons/ofxTableGestures/src/Simulator/container.hpp">
			<Option virtualFolder="addons/ofxTableGestures/src/Simulator" />
		</Unit>
		<Unit filename="../../../addons/ofxTableGestures/src/Utils/OscTools.hpp">
			<Option virtualFolder="addons/ofxTableGestures/src/Utils" />
		</Unit>
		<Unit filename="../../../addons/ofxTableGestures/src/Utils/Singleton.hpp">
			<Option virtualFolder="addons/ofxTableGestures/src/Utils" />
		</Unit>
		<Unit filename="../../../addons/ofxXmlSettings/libs/tinyxml.cpp">
			<Option virtualFolder="addons/ofXmlSettings/libs" />
		</Unit>
		<Unit filename="../../../addons/ofxXmlSettings/libs/tinyxml.h">
			<Option virtualFolder="addons/ofXmlSettings/libs" />
		</Unit>
		<Unit filename="../../../addons/ofxXmlSettings/libs/tinyxmlerror.cpp">
			<Option virtualFolder="addons/ofXmlSettings/libs" />
		</Unit>
		<Unit filename="../../../addons/ofxXmlSettings/libs/tinyxmlparser.cpp">
			<Option virtualFolder="addons/ofXmlSettings/libs" />
		</Unit>
		<Unit filename="../../../addons/ofxXmlSettings/src/ofxXmlSettings.cpp">
			<Option virtualFolder="addons/ofXmlSettings/src" />
		</Unit>
		<Unit filename="../../../addons/ofxXmlSettings/src/ofxXmlSettings.h">
			<Option virtualFolder="addons/ofXmlSettings/src" />
		</Unit>
		<Extensions>
			<lib_finder>
				<lib name="gstreamer-0.10" />
				<lib name="gstreamer-video-0.10" />
				<lib name="gstreamer-base-0.10" />
				<lib name="libudev" />
			</lib_finder>
			<code_completion />
			<envvars />
			<debugger />
		</Extensions>
	</Project>
</CodeBlocks_project_file>
