<?xml version="1.0" encoding="UTF-8" standalone="yes" ?>
<CodeBlocks_project_file>
	<FileVersion major="1" minor="6" />
	<Project>
		<Option title="test_example" />
		<Option makefile="makefile" />
		<Option pch_mode="2" />
		<Option compiler="gcc" />
		<Option virtualFolders="addons/;addons/ofxOsc/;src/;addons/ofxOsc/src/;addons/TableGestures/Graphics/;addons/TableGestures/Graphics/objects/;addons/TableGestures/;addons/TableGestures/oscGestures/;addons/TableGestures/oscGestures/Gestures/;addons/TableGestures/oscGestures/Gestures/Tuio1.1/;addons/ofXmlSettings/libs/;addons/ofXmlSettings/src/;conf/;addons/TableGestures/Controllers/;addons/TableGestures/Tests/;addons/TableGestures/oscGestures/Gestures-Extra/;addons/TableGestures/Tools/;" />
		<Build>
			<Target title="Linux_Debug">
				<Option platforms="Unix;" />
				<Option output="bin/$(PROJECT_NAME)" prefix_auto="1" extension_auto="1" />
				<Option working_dir="bin" />
				<Option object_output="obj/Debug/" />
				<Option external_deps="../../../libs/openFrameworksCompiled/lib/linux/libopenFrameworksDebug.a;" />
				<Option type="1" />
				<Option compiler="gcc" />
				<Option projectLinkerOptionsRelation="2" />
				<Compiler>
					<Add option="-g" />
					<Add option="-MMD" />
					<Add option="-fexceptions" />
					<Add option="-DDEBUG" />
				</Compiler>
				<Linker>
					<Add library="openFrameworksDebug" />
					<Add library="openFrameworks" />
					<Add library="fmodex" />
					<Add library="raw1394" />
					<Add library="glut" />
					<Add library="GL" />
					<Add library="GLU" />
					<Add library="Xxf86vm" />
					<Add library="asound" />
					<Add library="PocoFoundation" />
					<Add library="unicap" />
					<Add library="freetype" />
					<Add library="freeimage" />
					<Add library="RtAudio" />
					<Add library="GLee" />
					<Add library="oFappsink" />
					<Add library="../../../addons/ofxOsc/libs/oscpack/lib/linux/liboscpack.a" />
					<Add directory="../../../libs/openFrameworksCompiled/lib/linux" />
					<Add directory="../../../libs/freetype/lib/linux" />
					<Add directory="../../../libs/FreeImage/lib/linux" />
					<Add directory="../../../libs/rtAudio/lib/linux" />
					<Add directory="../../../libs/glee/lib/linux" />
					<Add directory="../../../libs/gstappsink/lib/linux" />
					<Add directory="../../../libs/fmodex/lib/linux" />
					<Add directory="../../../libs/unicap/lib/linux" />
					<Add directory="../../../libs/poco/lib/linux" />
				</Linker>
				<ExtraCommands>
					<Add after="#" />
					<Add after="#      copy libs and shell script to bin directory:" />
					<Add after="#" />
					<Add after="cp -r ../../../export/linux/libs $(PROJECT_DIR)bin/" />
					<Add after="cp ../../../export/linux/clickToLaunchApp.sh $(PROJECT_DIR)bin/clickToLaunchApp_$(TARGET_NAME).sh" />
					<Add after="sed -i s/applicationName/$(TARGET_OUTPUT_BASENAME)/g  $(PROJECT_DIR)bin/clickToLaunchApp_$(TARGET_NAME).sh" />
					<Add after="#" />
					<Add after="#    this is a shell script that can either (a) run the app or (b) launch nautilus to a good directory for you to run the app" />
					<Add after="#" />
					<Add after="./cb_build_runner.sh $(TARGET_OUTPUT_BASENAME) $runOnBuild $nautilusOnBuild" />
					<Add after="#" />
					<Add after="#     to enable either, change the custom variables in project-&gt;build options-&gt;custom variables" />
					<Add after="#     to true / false." />
					<Add after="#" />
					<Add after="#     currently this is disabled, but allows you to run the app from w/in CB." />
					<Add after="#" />
					<Mode after="always" />
				</ExtraCommands>
				<Environment>
					<Variable name="target" value="TSIframework" />
					<Variable name="nautilusOnBuild" value="false" />
					<Variable name="runOnBuild" value="false" />
				</Environment>
			</Target>
			<Target title="Windows_debug">
				<Option platforms="Windows;" />
				<Option output="bin/$(PROJECT_NAME)_DEBUG" prefix_auto="1" extension_auto="1" />
				<Option working_dir="bin" />
				<Option object_output="obj/debug/" />
				<Option external_deps="../../../libs/openFrameworksCompiled/lib/win_cb/openFrameworksDebug.lib;" />
				<Option type="1" />
				<Option compiler="gcc" />
				<Option projectLinkerOptionsRelation="2" />
				<Compiler>
					<Add option="-g" />
					<Add option="-Wno-multichar" />
				</Compiler>
				<Linker>
					<Add option="../../../libs/openFrameworksCompiled/lib/win_cb/openFrameworksDebug.lib" />
					<Add option="../../../libs/FreeImage/lib/win_cb/FreeImage.lib" />
					<Add option="../../../libs/rtAudio/lib/win_cb/RtAudio.a" />
					<Add option="../../../libs/quicktime/lib/win_cb/qtmlClient.lib" />
					<Add option="../../../libs/freetype/lib/win_cb/libfreetype.a" />
					<Add option="../../../libs/glut/lib/win_cb/libglut.a" />
					<Add option="../../../libs/videoInput/lib/win_cb/videoInputLib.a" />
					<Add option="../../../libs/fmodex/lib/win_cb/libfmodex.a" />
					<Add option="../../../libs/glee/lib/win_cb/GLee.lib" />
					<Add option="../../../libs/glu/lib/win_cb/glu32.lib" />
					<Add option="../../../libs/poco/lib/win_cb/libPocoNetmt.a" />
					<Add option="../../../libs/poco/lib/win_cb/libPocoUtilmt.a" />
					<Add option="../../../libs/poco/lib/win_cb/libPocoXMLmt.a" />
					<Add option="../../../libs/poco/lib/win_cb/libPocoFoundationmt.a" />
					<Add option="../../../addons/ofxOsc/libs/oscpack/lib/win_cb/oscpack.a" />
					<Add option="-lopengl32" />
					<Add option="-lglu32" />
					<Add option="-ldsound" />
					<Add option="-lwinmm" />
					<Add option="-ldxguid" />
					<Add option="-lstrmbase" />
					<Add option="-lstrmiids" />
					<Add option="-lz" />
					<Add option="-luuid" />
					<Add option="-lole32" />
					<Add option="-loleaut32" />
					<Add option="-lsetupapi" />
					<Add option="-lwsock32" />
					<Add option="-lws2_32" />
					<Add option="-lIphlpapi" />
					<Add library="../../../addons/ofxOsc/libs/oscpack/lib/win_cb/oscpack.a" />
				</Linker>
				<ExtraCommands>
					<Add after='xcopy /e /i /y &quot;$(PROJECT_DIR)..\..\..\export\win_cb\*.dll&quot;  &quot;$(PROJECT_DIR)bin&quot;' />
					<Add after='cmd /c if not exist &quot;$(PROJECT_DIR)bin/data&quot; mkdir &quot;$(PROJECT_DIR)bin/data&quot;' />
					<Mode after="always" />
				</ExtraCommands>
			</Target>
			<Target title="Linux_Release">
				<Option platforms="Unix;" />
				<Option output="bin/$(PROJECT_NAME)" prefix_auto="1" extension_auto="1" />
				<Option working_dir="bin" />
				<Option object_output="obj/Release/" />
				<Option external_deps="../../../libs/openFrameworksCompiled/lib/linux/libopenFrameworks.a;" />
				<Option type="1" />
				<Option compiler="gcc" />
				<Option projectLinkerOptionsRelation="2" />
				<Compiler>
					<Add option="-march=core2" />
					<Add option="-O3" />
					<Add option="-MMD" />
					<Add option="-fexceptions" />
				</Compiler>
				<Linker>
					<Add option="-s" />
					<Add library="openFrameworks" />
					<Add library="fmodex" />
					<Add library="raw1394" />
					<Add library="glut" />
					<Add library="GL" />
					<Add library="GLU" />
					<Add library="Xxf86vm" />
					<Add library="asound" />
					<Add library="PocoFoundation" />
					<Add library="unicap" />
					<Add library="freetype" />
					<Add library="freeimage" />
					<Add library="RtAudio" />
					<Add library="GLee" />
					<Add library="oFappsink" />
					<Add library="../../../addons/ofxOsc/libs/oscpack/lib/linux/liboscpack.a" />
					<Add directory="../../../libs/openFrameworksCompiled/lib/linux" />
					<Add directory="../../../libs/freetype/lib/linux" />
					<Add directory="../../../libs/FreeImage/lib/linux" />
					<Add directory="../../../libs/rtAudio/lib/linux" />
					<Add directory="../../../libs/glee/lib/linux" />
					<Add directory="../../../libs/gstappsink/lib/linux" />
					<Add directory="../../../libs/fmodex/lib/linux" />
					<Add directory="../../../libs/unicap/lib/linux" />
					<Add directory="../../../libs/poco/lib/linux" />
				</Linker>
				<ExtraCommands>
					<Add after="#" />
					<Add after="#      copy libs and shell script to bin directory:" />
					<Add after="#" />
					<Add after="cp -r ../../../export/linux/libs $(PROJECT_DIR)bin/" />
					<Add after="cp ../../../export/linux/clickToLaunchApp.sh $(PROJECT_DIR)bin/clickToLaunchApp_$(TARGET_NAME).sh" />
					<Add after="sed -i s/applicationName/$(TARGET_OUTPUT_BASENAME)/g  $(PROJECT_DIR)bin/clickToLaunchApp_$(TARGET_NAME).sh" />
					<Add after="#" />
					<Add after="#    this is a shell script that can either (a) run the app or (b) launch nautilus to a good directory for you to run the app" />
					<Add after="#" />
					<Add after="./cb_build_runner.sh $(TARGET_OUTPUT_BASENAME) $runOnBuild $nautilusOnBuild" />
					<Add after="#" />
					<Add after="#     to enable either, change the custom variables in project-&gt;build options-&gt;custom variables" />
					<Add after="#     to true / false." />
					<Add after="#" />
					<Add after="#     currently this is disabled, but allows you to run the app from w/in CB." />
					<Add after="#" />
					<Mode after="always" />
				</ExtraCommands>
				<Environment>
					<Variable name="target" value="TSIframework" />
					<Variable name="nautilusOnBuild" value="false" />
					<Variable name="runOnBuild" value="false" />
				</Environment>
			</Target>
			<Target title="Windows_release">
				<Option platforms="Windows;" />
				<Option output="bin/$(PROJECT_NAME)" prefix_auto="1" extension_auto="1" />
				<Option working_dir="bin" />
				<Option object_output="obj/release" />
				<Option external_deps="../../../libs/openFrameworksCompiled/lib/win_cb/openFrameworks.lib;" />
				<Option type="1" />
				<Option compiler="gcc" />
				<Option projectLinkerOptionsRelation="2" />
				<Compiler>
					<Add option="-O1" />
					<Add option="-g" />
					<Add option="-Wno-multichar" />
				</Compiler>
				<Linker>
					<Add option="../../../libs/openFrameworksCompiled/lib/win_cb/openFrameworks.lib" />
					<Add option="../../../libs/FreeImage/lib/win_cb/FreeImage.lib" />
					<Add option="../../../libs/rtAudio/lib/win_cb/RtAudio.a" />
					<Add option="../../../libs/quicktime/lib/win_cb/qtmlClient.lib" />
					<Add option="../../../libs/freetype/lib/win_cb/libfreetype.a" />
					<Add option="../../../libs/glut/lib/win_cb/libglut.a" />
					<Add option="../../../libs/videoInput/lib/win_cb/videoInputLib.a" />
					<Add option="../../../libs/fmodex/lib/win_cb/libfmodex.a" />
					<Add option="../../../libs/glee/lib/win_cb/GLee.lib" />
					<Add option="../../../libs/glu/lib/win_cb/glu32.lib" />
					<Add option="../../../libs/poco/lib/win_cb/libPocoNetmt.a" />
					<Add option="../../../libs/poco/lib/win_cb/libPocoUtilmt.a" />
					<Add option="../../../libs/poco/lib/win_cb/libPocoXMLmt.a" />
					<Add option="../../../libs/poco/lib/win_cb/libPocoFoundationmt.a" />
					<Add option="../../../addons/ofxOsc/libs/oscpack/lib/win_cb/oscpack.a" />
					<Add option="-lopengl32" />
					<Add option="-lglu32" />
					<Add option="-ldsound" />
					<Add option="-lwinmm" />
					<Add option="-ldxguid" />
					<Add option="-lstrmbase" />
					<Add option="-lstrmiids" />
					<Add option="-lz" />
					<Add option="-luuid" />
					<Add option="-lole32" />
					<Add option="-loleaut32" />
					<Add option="-lsetupapi" />
					<Add option="-lwsock32" />
					<Add option="-lws2_32" />
					<Add option="-lIphlpapi" />
					<Add library="../../../addons/ofxOsc/libs/oscpack/lib/win_cb/oscpack.a" />
				</Linker>
				<ExtraCommands>
					<Add after='xcopy /e /i /y &quot;$(PROJECT_DIR)..\..\..\export\win_cb\*.dll&quot;  &quot;$(PROJECT_DIR)bin&quot;' />
					<Add after='cmd /c if not exist &quot;$(PROJECT_DIR)bin/data&quot; mkdir &quot;$(PROJECT_DIR)bin/data&quot;' />
					<Mode after="always" />
				</ExtraCommands>
			</Target>
			<Target title="Linux64_Debug">
				<Option platforms="Unix;" />
				<Option output="bin/$(PROJECT_NAME)" prefix_auto="1" extension_auto="1" />
				<Option working_dir="bin" />
				<Option object_output="obj/Debug/" />
				<Option external_deps="../../../libs/openFrameworksCompiled/lib/linux/libopenFrameworksDebug.a;" />
				<Option type="1" />
				<Option compiler="gcc" />
				<Option projectLinkerOptionsRelation="2" />
				<Compiler>
					<Add option="-g" />
					<Add option="-MMD" />
					<Add option="-fexceptions" />
					<Add option="-DDEBUG" />
				</Compiler>
				<Linker>
					<Add library="openFrameworksDebug" />
					<Add library="openFrameworks" />
					<Add library="fmodex" />
					<Add library="raw1394" />
					<Add library="glut" />
					<Add library="GL" />
					<Add library="GLU" />
					<Add library="Xxf86vm" />
					<Add library="asound" />
					<Add library="PocoFoundation" />
					<Add library="unicap" />
					<Add library="freetype" />
					<Add library="freeimage" />
					<Add library="RtAudio" />
					<Add library="GLee" />
					<Add library="oFappsink" />
					<Add library="../../../addons/ofxOsc/libs/oscpack/lib/linux64/liboscpack.a" />
					<Add directory="../../../libs/openFrameworksCompiled/lib/linux64" />
					<Add directory="../../../libs/freetype/lib/linux64" />
					<Add directory="../../../libs/FreeImage/lib/linux64" />
					<Add directory="../../../libs/rtAudio/lib/linux64" />
					<Add directory="../../../libs/glee/lib/linux64" />
					<Add directory="../../../libs/gstappsink/lib/linux64" />
					<Add directory="../../../libs/fmodex/lib/linux64" />
					<Add directory="../../../libs/unicap/lib/linux64" />
					<Add directory="../../../libs/poco/lib/linux64" />
				</Linker>
				<ExtraCommands>
					<Add after="#" />
					<Add after="#      copy libs and shell script to bin directory:" />
					<Add after="#" />
					<Add after="cp -r ../../../export/linux64/libs $(PROJECT_DIR)bin/" />
					<Add after="cp ../../../export/linux64/clickToLaunchApp.sh $(PROJECT_DIR)bin/clickToLaunchApp_$(TARGET_NAME).sh" />
					<Add after="sed -i s/applicationName/$(TARGET_OUTPUT_BASENAME)/g  $(PROJECT_DIR)bin/clickToLaunchApp_$(TARGET_NAME).sh" />
					<Add after="#" />
					<Add after="#    this is a shell script that can either (a) run the app or (b) launch nautilus to a good directory for you to run the app" />
					<Add after="#" />
					<Add after="./cb_build_runner.sh $(TARGET_OUTPUT_BASENAME) $runOnBuild $nautilusOnBuild" />
					<Add after="#" />
					<Add after="#     to enable either, change the custom variables in project-&gt;build options-&gt;custom variables" />
					<Add after="#     to true / false." />
					<Add after="#" />
					<Add after="#     currently this is disabled, but allows you to run the app from w/in CB." />
					<Add after="#" />
					<Mode after="always" />
				</ExtraCommands>
				<Environment>
					<Variable name="target" value="TSIframework" />
					<Variable name="nautilusOnBuild" value="false" />
					<Variable name="runOnBuild" value="false" />
				</Environment>
			</Target>
			<Target title="Linux64_Release">
				<Option platforms="Unix;" />
				<Option output="bin/$(PROJECT_NAME)" prefix_auto="1" extension_auto="1" />
				<Option working_dir="bin" />
				<Option object_output="obj/Release/" />
				<Option external_deps="../../../libs/openFrameworksCompiled/lib/linux/libopenFrameworks.a;" />
				<Option type="1" />
				<Option compiler="gcc" />
				<Option projectLinkerOptionsRelation="2" />
				<Compiler>
					<Add option="-O3" />
					<Add option="-march=core2" />
					<Add option="-MMD" />
					<Add option="-fexceptions" />
				</Compiler>
				<Linker>
					<Add option="-s" />
					<Add library="openFrameworks" />
					<Add library="fmodex" />
					<Add library="raw1394" />
					<Add library="glut" />
					<Add library="GL" />
					<Add library="GLU" />
					<Add library="Xxf86vm" />
					<Add library="asound" />
					<Add library="PocoFoundation" />
					<Add library="unicap" />
					<Add library="freetype" />
					<Add library="freeimage" />
					<Add library="RtAudio" />
					<Add library="GLee" />
					<Add library="oFappsink" />
					<Add library="../../../addons/ofxOsc/libs/oscpack/lib/linux64/liboscpack.a" />
					<Add directory="../../../libs/openFrameworksCompiled/lib/linux64" />
					<Add directory="../../../libs/freetype/lib/linux64" />
					<Add directory="../../../libs/FreeImage/lib/linux64" />
					<Add directory="../../../libs/rtAudio/lib/linux64" />
					<Add directory="../../../libs/glee/lib/linux64" />
					<Add directory="../../../libs/gstappsink/lib/linux64" />
					<Add directory="../../../libs/fmodex/lib/linux64" />
					<Add directory="../../../libs/unicap/lib/linux64" />
					<Add directory="../../../libs/poco/lib/linux64" />
				</Linker>
				<ExtraCommands>
					<Add after="#" />
					<Add after="#      copy libs and shell script to bin directory:" />
					<Add after="#" />
					<Add after="cp -r ../../../export/linux64/libs $(PROJECT_DIR)bin/" />
					<Add after="cp ../../../export/linux64/clickToLaunchApp.sh $(PROJECT_DIR)bin/clickToLaunchApp_$(TARGET_NAME).sh" />
					<Add after="sed -i s/applicationName/$(TARGET_OUTPUT_BASENAME)/g  $(PROJECT_DIR)bin/clickToLaunchApp_$(TARGET_NAME).sh" />
					<Add after="#" />
					<Add after="#    this is a shell script that can either (a) run the app or (b) launch nautilus to a good directory for you to run the app" />
					<Add after="#" />
					<Add after="./cb_build_runner.sh $(TARGET_OUTPUT_BASENAME) $runOnBuild $nautilusOnBuild" />
					<Add after="#" />
					<Add after="#     to enable either, change the custom variables in project-&gt;build options-&gt;custom variables" />
					<Add after="#     to true / false." />
					<Add after="#" />
					<Add after="#     currently this is disabled, but allows you to run the app from w/in CB." />
					<Add after="#" />
					<Mode after="always" />
				</ExtraCommands>
				<Environment>
					<Variable name="target" value="TSIframework" />
					<Variable name="nautilusOnBuild" value="false" />
					<Variable name="runOnBuild" value="false" />
				</Environment>
			</Target>
		</Build>
		<Compiler>
			<Add option="-DSIMULATOR" />
			<Add directory="../../../addons/" />
			<Add directory="../../../addons/ofxTableGestures/src/oscGestures/Gestures-Extras" />
			<Add directory="../../../libs/openFrameworks/" />
			<Add directory="../../../libs/openFrameworks/events" />
			<Add directory="../../../libs/openFrameworks/app" />
			<Add directory="../../../libs/openFrameworks/communication" />
			<Add directory="../../../libs/openFrameworks/graphics" />
			<Add directory="../../../libs/openFrameworks/video" />
			<Add directory="../../../libs/openFrameworks/utils" />
			<Add directory="../../../libs/openFrameworks/sound" />
			<Add directory="../../../libs/rtAudio" />
			<Add directory="../../../libs/fmodex/include" />
			<Add directory="../../../libs/glee/include" />
			<Add directory="../../../libs/FreeImage/include" />
			<Add directory="../../../libs/freetype/include" />
			<Add directory="../../../libs/freetype/include/freetype2" />
			<Add directory="../../../libs/unicap/include" />
			<Add directory="../../../libs/gstappsink/include" />
			<Add directory="../../../libs/poco/include" />
			<Add directory="../../../addons/ofxTableGestures/src/" />
			<Add directory="../../../addons/ofxTableGestures/src/Graphics/" />
			<Add directory="../../../addons/ofxTableGestures/src/oscGestures/" />
			<Add directory="../../../addons/ofxTableGestures/src/oscGestures/Gestures/" />
			<Add directory="../../../addons/ofxTableGestures/src/oscGestures/tuio1.1/" />
			<Add directory="../../../addons/ofxOsc/src" />
			<Add directory="../../../addons/ofxOsc/libs/oscpack/include/ip" />
			<Add directory="../../../addons/ofxOsc/libs/oscpack/include/osc" />
			<Add directory="../../../addons/ofxTableGestures/src/Graphics/objects" />
			<Add directory="../../../addons/ofxTableGestures/ext" />
			<Add directory="../../../addons" />
			<Add directory="../../../addons/ofxXmlSettings/libs" />
			<Add directory="../../../addons/ofxXmlSettings/src" />
			<Add directory="../../../addons/ofxTableGestures/src/Controllers" />
			<Add directory="../../../addons/ofxTableGestures/src/Tests" />
			<Add directory="../../../addons/ofxTableGestures/src/Tools" />
			<Add directory="../../../libs/glu/include" />
			<Add directory="../../../libs/quicktime/include" />
			<Add directory="../../../libs/rtAudio/include" />
			<Add directory="../../../libs/videoInput/include" />
			<Add directory="../../../libs/glut/include" />
		</Compiler>
		<Unit filename="../../../addons/ofxTableGestures/src/Controllers/Button.hpp">
			<Option virtualFolder="addons/TableGestures/Controllers/" />
		</Unit>
		<Unit filename="../../../addons/ofxTableGestures/src/Controllers/Introspection.hpp">
			<Option virtualFolder="addons/TableGestures/Controllers/" />
		</Unit>
		<Unit filename="../../../addons/ofxTableGestures/src/Controllers/SimpleObjectController.hpp">
			<Option virtualFolder="addons/TableGestures/Controllers/" />
		</Unit>
		<Unit filename="../../../addons/ofxTableGestures/src/Controllers/allFingers.hpp">
			<Option virtualFolder="addons/TableGestures/Controllers/" />
		</Unit>
		<Unit filename="../../../addons/ofxTableGestures/src/Controllers/allObjects.hpp">
			<Option virtualFolder="addons/TableGestures/Controllers/" />
		</Unit>
		<Unit filename="../../../addons/ofxTableGestures/src/GlobalConfig.hpp">
			<Option virtualFolder="addons/TableGestures/" />
		</Unit>
		<Unit filename="../../../addons/ofxTableGestures/src/GlobalConfigDetail.hpp">
			<Option virtualFolder="addons/TableGestures/" />
		</Unit>
		<Unit filename="../../../addons/ofxTableGestures/src/Graphics/Graphic.cpp">
			<Option virtualFolder="addons/TableGestures/Graphics/" />
		</Unit>
		<Unit filename="../../../addons/ofxTableGestures/src/Graphics/Graphic.hpp">
			<Option virtualFolder="addons/TableGestures/Graphics/" />
		</Unit>
		<Unit filename="../../../addons/ofxTableGestures/src/Graphics/GraphicDispatcher.cpp">
			<Option virtualFolder="addons/TableGestures/Graphics/" />
		</Unit>
		<Unit filename="../../../addons/ofxTableGestures/src/Graphics/GraphicDispatcher.hpp">
			<Option virtualFolder="addons/TableGestures/Graphics/" />
		</Unit>
		<Unit filename="../../../addons/ofxTableGestures/src/Graphics/Grid.cpp">
			<Option virtualFolder="addons/TableGestures/Graphics" />
		</Unit>
		<Unit filename="../../../addons/ofxTableGestures/src/Graphics/Grid.hpp">
			<Option virtualFolder="addons/TableGestures/Graphics" />
		</Unit>
		<Unit filename="../../../addons/ofxTableGestures/src/Graphics/Shapes.cpp">
			<Option virtualFolder="addons/TableGestures/Graphics" />
		</Unit>
		<Unit filename="../../../addons/ofxTableGestures/src/Graphics/Shapes.hpp">
			<Option virtualFolder="addons/TableGestures/Graphics" />
		</Unit>
		<Unit filename="../../../addons/ofxTableGestures/src/Graphics/Simulator.cpp">
			<Option virtualFolder="addons/TableGestures/Graphics" />
		</Unit>
		<Unit filename="../../../addons/ofxTableGestures/src/Graphics/Simulator.hpp">
			<Option virtualFolder="addons/TableGestures/Graphics" />
		</Unit>
		<Unit filename="../../../addons/ofxTableGestures/src/Graphics/container.cpp">
			<Option virtualFolder="addons/TableGestures/Graphics" />
		</Unit>
		<Unit filename="../../../addons/ofxTableGestures/src/Graphics/container.hpp">
			<Option virtualFolder="addons/TableGestures/Graphics" />
		</Unit>
		<Unit filename="../../../addons/ofxTableGestures/src/Graphics/objects/CursorFeedback.cpp">
			<Option virtualFolder="addons/TableGestures/Graphics/objects/" />
		</Unit>
		<Unit filename="../../../addons/ofxTableGestures/src/Graphics/objects/CursorFeedback.hpp">
			<Option virtualFolder="addons/TableGestures/Graphics/objects/" />
		</Unit>
		<Unit filename="../../../addons/ofxTableGestures/src/Graphics/objects/FigureFeedback.cpp">
			<Option virtualFolder="addons/TableGestures/Graphics/objects/" />
		</Unit>
		<Unit filename="../../../addons/ofxTableGestures/src/Graphics/objects/FigureFeedback.hpp">
			<Option virtualFolder="addons/TableGestures/Graphics/objects/" />
		</Unit>
		<Unit filename="../../../addons/ofxTableGestures/src/Graphics/objects/HandFeedback.hpp">
			<Option virtualFolder="addons/TableGestures/Graphics/objects/" />
		</Unit>
		<Unit filename="../../../addons/ofxTableGestures/src/Graphics/objects/LongPushFeedback.hpp">
			<Option virtualFolder="addons/TableGestures/Graphics/objects/" />
		</Unit>
		<Unit filename="../../../addons/ofxTableGestures/src/Graphics/objects/TapFeedback.hpp">
			<Option virtualFolder="addons/TableGestures/Graphics/objects/" />
		</Unit>
		<Unit filename="../../../addons/ofxTableGestures/src/Renderer.cpp">
			<Option virtualFolder="addons/TableGestures/" />
		</Unit>
		<Unit filename="../../../addons/ofxTableGestures/src/Renderer.hpp">
			<Option virtualFolder="addons/TableGestures/" />
		</Unit>
		<Unit filename="../../../addons/ofxTableGestures/src/Renderer_plane.cpp">
			<Option virtualFolder="addons/TableGestures/" />
		</Unit>
		<Unit filename="../../../addons/ofxTableGestures/src/Renderer_plane.hpp">
			<Option virtualFolder="addons/TableGestures/" />
		</Unit>
		<Unit filename="../../../addons/ofxTableGestures/src/Renderer_to_texture.cpp">
			<Option virtualFolder="addons/TableGestures/" />
		</Unit>
		<Unit filename="../../../addons/ofxTableGestures/src/Renderer_to_texture.hpp">
			<Option virtualFolder="addons/TableGestures/" />
		</Unit>
		<Unit filename="../../../addons/ofxTableGestures/src/TableApp.cpp">
			<Option virtualFolder="addons/TableGestures" />
		</Unit>
		<Unit filename="../../../addons/ofxTableGestures/src/TableApp.hpp">
			<Option virtualFolder="addons/TableGestures" />
		</Unit>
		<Unit filename="../../../addons/ofxTableGestures/src/Tests/ButtonMadnessTest.hpp">
			<Option virtualFolder="addons/TableGestures/Tests/" />
		</Unit>
		<Unit filename="../../../addons/ofxTableGestures/src/Tools/Calibrator.hpp">
			<Option virtualFolder="addons/TableGestures/Tools/" />
		</Unit>
		<Unit filename="../../../addons/ofxTableGestures/src/oscGestures/Area.hpp">
			<Option virtualFolder="addons/TableGestures/oscGestures/" />
		</Unit>
		<Unit filename="../../../addons/ofxTableGestures/src/oscGestures/DirectPoint.hpp">
			<Option virtualFolder="addons/TableGestures/oscGestures" />
		</Unit>
		<Unit filename="../../../addons/ofxTableGestures/src/oscGestures/EventQueue.hpp">
			<Option virtualFolder="addons/TableGestures/oscGestures" />
		</Unit>
		<Unit filename="../../../addons/ofxTableGestures/src/oscGestures/Gestures-Extras/InputGestureHand.cpp">
			<Option virtualFolder="addons/TableGestures/oscGestures/Gestures-Extra/" />
		</Unit>
		<Unit filename="../../../addons/ofxTableGestures/src/oscGestures/Gestures-Extras/InputGestureHand.hpp">
			<Option virtualFolder="addons/TableGestures/oscGestures/Gestures-Extra/" />
		</Unit>
		<Unit filename="../../../addons/ofxTableGestures/src/oscGestures/Gestures-Extras/InputGestureLongPush.hpp">
			<Option virtualFolder="addons/TableGestures/oscGestures/Gestures-Extra/" />
		</Unit>
		<Unit filename="../../../addons/ofxTableGestures/src/oscGestures/Gestures-Extras/InputGestureTap.hpp">
			<Option virtualFolder="addons/TableGestures/oscGestures/Gestures-Extra/" />
		</Unit>
		<Unit filename="../../../addons/ofxTableGestures/src/oscGestures/Gestures/InputGestureBasicFingers.hpp">
			<Option virtualFolder="addons/TableGestures/oscGestures/Gestures" />
		</Unit>
		<Unit filename="../../../addons/ofxTableGestures/src/oscGestures/Gestures/InputGestureBasicObjects.hpp">
			<Option virtualFolder="addons/TableGestures/oscGestures/Gestures/" />
		</Unit>
		<Unit filename="../../../addons/ofxTableGestures/src/oscGestures/Gestures/InputGestureDirectFingers.hpp">
			<Option virtualFolder="addons/TableGestures/oscGestures/Gestures" />
		</Unit>
		<Unit filename="../../../addons/ofxTableGestures/src/oscGestures/Gestures/InputGestureDirectObjects.cpp">
			<Option virtualFolder="addons/TableGestures/oscGestures/Gestures" />
		</Unit>
		<Unit filename="../../../addons/ofxTableGestures/src/oscGestures/Gestures/InputGestureDirectObjects.hpp">
			<Option virtualFolder="addons/TableGestures/oscGestures/Gestures" />
		</Unit>
		<Unit filename="../../../addons/ofxTableGestures/src/oscGestures/Gestures/InputGestureTuio1.1.hpp">
			<Option virtualFolder="addons/TableGestures/oscGestures/Gestures" />
		</Unit>
		<Unit filename="../../../addons/ofxTableGestures/src/oscGestures/InputGesture.hpp">
			<Option virtualFolder="addons/TableGestures/oscGestures" />
		</Unit>
		<Unit filename="../../../addons/ofxTableGestures/src/oscGestures/OSCListener.cpp">
			<Option virtualFolder="addons/TableGestures/oscGestures" />
		</Unit>
		<Unit filename="../../../addons/ofxTableGestures/src/oscGestures/OSCListener.hpp">
			<Option virtualFolder="addons/TableGestures/oscGestures" />
		</Unit>
		<Unit filename="../../../addons/ofxTableGestures/src/oscGestures/Singleton.hpp">
			<Option virtualFolder="addons/TableGestures/oscGestures" />
		</Unit>
		<Unit filename="../../../addons/ofxTableGestures/src/oscGestures/TEvent.hpp">
			<Option virtualFolder="addons/TableGestures/oscGestures" />
		</Unit>
		<Unit filename="../../../addons/ofxTableGestures/src/oscGestures/inputGestureManager.cpp">
			<Option virtualFolder="addons/TableGestures/oscGestures/" />
		</Unit>
		<Unit filename="../../../addons/ofxTableGestures/src/oscGestures/inputGestureManager.hpp">
			<Option virtualFolder="addons/TableGestures/oscGestures/" />
		</Unit>
		<Unit filename="../../../addons/ofxTableGestures/src/oscGestures/tuio1.1/InputGestureTuio1.12.5D.cpp">
			<Option virtualFolder="addons/TableGestures/oscGestures/Gestures/Tuio1.1" />
		</Unit>
		<Unit filename="../../../addons/ofxTableGestures/src/oscGestures/tuio1.1/InputGestureTuio1.12.5D.hpp">
			<Option virtualFolder="addons/TableGestures/oscGestures/Gestures/Tuio1.1" />
		</Unit>
		<Unit filename="../../../addons/ofxTableGestures/src/oscGestures/tuio1.1/InputGestureTuio1.12D.cpp">
			<Option virtualFolder="addons/TableGestures/oscGestures/Gestures/Tuio1.1" />
		</Unit>
		<Unit filename="../../../addons/ofxTableGestures/src/oscGestures/tuio1.1/InputGestureTuio1.12D.hpp">
			<Option virtualFolder="addons/TableGestures/oscGestures/Gestures/Tuio1.1" />
		</Unit>
		<Unit filename="../../../addons/ofxTableGestures/src/oscGestures/tuio1.1/InputGestureTuio1.13D.cpp">
			<Option virtualFolder="addons/TableGestures/oscGestures/Gestures/Tuio1.1" />
		</Unit>
		<Unit filename="../../../addons/ofxTableGestures/src/oscGestures/tuio1.1/InputGestureTuio1.13D.hpp">
			<Option virtualFolder="addons/TableGestures/oscGestures/Gestures/Tuio1.1" />
		</Unit>
		<Unit filename="../../../addons/ofxTableGestures/src/oscGestures/tuio1.1/InputGestureTuio1.1fseq.hpp">
			<Option virtualFolder="addons/TableGestures/oscGestures/Gestures/Tuio1.1" />
		</Unit>
		<Unit filename="../../../addons/ofxTableGestures/src/oscGestures/tuioApp.hpp">
			<Option virtualFolder="addons/TableGestures/oscGestures" />
		</Unit>
		<Unit filename="../../../addons/ofxTableGestures/src/oscGestures/tuioinput.cpp">
			<Option virtualFolder="addons/TableGestures/oscGestures" />
		</Unit>
		<Unit filename="../../../addons/ofxTableGestures/src/oscGestures/tuioinput.hpp">
			<Option virtualFolder="addons/TableGestures/oscGestures" />
		</Unit>
		<Unit filename="../../../addons/ofxOsc/src/ofxOsc.h">
			<Option virtualFolder="addons/ofxOsc/src" />
		</Unit>
		<Unit filename="../../../addons/ofxOsc/src/ofxOscArg.h">
			<Option virtualFolder="addons/ofxOsc/src" />
		</Unit>
		<Unit filename="../../../addons/ofxOsc/src/ofxOscBundle.cpp">
			<Option virtualFolder="addons/ofxOsc/src" />
		</Unit>
		<Unit filename="../../../addons/ofxOsc/src/ofxOscBundle.h">
			<Option virtualFolder="addons/ofxOsc/src" />
		</Unit>
		<Unit filename="../../../addons/ofxOsc/src/ofxOscMessage.cpp">
			<Option virtualFolder="addons/ofxOsc/src" />
		</Unit>
		<Unit filename="../../../addons/ofxOsc/src/ofxOscMessage.h">
			<Option virtualFolder="addons/ofxOsc/src" />
		</Unit>
		<Unit filename="../../../addons/ofxOsc/src/ofxOscReceiver.cpp">
			<Option virtualFolder="addons/ofxOsc/src" />
		</Unit>
		<Unit filename="../../../addons/ofxOsc/src/ofxOscReceiver.h">
			<Option virtualFolder="addons/ofxOsc/src" />
		</Unit>
		<Unit filename="../../../addons/ofxOsc/src/ofxOscSender.cpp">
			<Option virtualFolder="addons/ofxOsc/src" />
		</Unit>
		<Unit filename="../../../addons/ofxOsc/src/ofxOscSender.h">
			<Option virtualFolder="addons/ofxOsc/src" />
		</Unit>
		<Unit filename="../../../addons/ofxXmlSettings/libs/tinyxml.cpp">
			<Option virtualFolder="addons/ofXmlSettings/libs" />
		</Unit>
		<Unit filename="../../../addons/ofxXmlSettings/libs/tinyxml.h">
			<Option virtualFolder="addons/ofXmlSettings/libs" />
		</Unit>
		<Unit filename="../../../addons/ofxXmlSettings/libs/tinyxmlerror.cpp">
			<Option virtualFolder="addons/ofXmlSettings/libs" />
		</Unit>
		<Unit filename="../../../addons/ofxXmlSettings/libs/tinyxmlparser.cpp">
			<Option virtualFolder="addons/ofXmlSettings/libs" />
		</Unit>
		<Unit filename="../../../addons/ofxXmlSettings/src/ofxXmlSettings.cpp">
			<Option virtualFolder="addons/ofXmlSettings/src" />
		</Unit>
		<Unit filename="../../../addons/ofxXmlSettings/src/ofxXmlSettings.h">
			<Option virtualFolder="addons/ofXmlSettings/src" />
		</Unit>
		<Unit filename="bin/data/GlobalConfig.xml">
			<Option virtualFolder="conf/" />
		</Unit>
		<Unit filename="src/main.cpp">
			<Option virtualFolder="src/" />
		</Unit>
		<Unit filename="src/testApp.cpp">
			<Option virtualFolder="src/" />
		</Unit>
		<Unit filename="src/testApp.h">
			<Option virtualFolder="src/" />
		</Unit>
		<Extensions>
			<lib_finder>
				<lib name="gstreamer-0.10" />
				<lib name="gstreamer-video-0.10" />
				<lib name="gstreamer-base-0.10" />
				<lib name="libudev" />
			</lib_finder>
			<code_completion />
			<envvars />
			<debugger />
		</Extensions>
	</Project>
</CodeBlocks_project_file>
